
Microsoft Visual Studio Solution File, Format Version 12.00
# Visual Studio Version 17
VisualStudioVersion = 17.5.002.0
MinimumVisualStudioVersion = 10.0.40219.1
Project("{9A19103F-16F7-4668-BE54-9A1E7A4F7556}") = "KavaTest", "KavaTest.csproj", "{810DA339-4C80-44B0-84DC-CB6095D67E57}"
EndProject
Global
	GlobalSection(SolutionConfigurationPlatforms) = preSolution
		Debug|Any CPU = Debug|Any CPU
		Release|Any CPU = Release|Any CPU
	EndGlobalSection
	GlobalSection(ProjectConfigurationPlatforms) = postSolution
		{810DA339-4C80-44B0-84DC-CB6095D67E57}.Debug|Any CPU.ActiveCfg = Debug|Any CPU
		{810DA339-4C80-44B0-84DC-CB6095D67E57}.Debug|Any CPU.Build.0 = Debug|Any CPU
		{810DA339-4C80-44B0-84DC-CB6095D67E57}.Release|Any CPU.ActiveCfg = Release|Any CPU
		{810DA339-4C80-44B0-84DC-CB6095D67E57}.Release|Any CPU.Build.0 = Release|Any CPU
	EndGlobalSection
	GlobalSection(SolutionProperties) = preSolution
		HideSolutionNode = FALSE
	EndGlobalSection
	GlobalSection(ExtensibilityGlobals) = postSolution
		SolutionGuid = {9D3E62D8-02DA-45B6-A552-962106FED6DF}
	EndGlobalSection
EndGlobal
